<?xml version="1.0" encoding="UTF-8"?>
<Scheme
   LastUpgradeVersion = "1400"
   version = "1.3">
   <BuildAction
      parallelizeBuildables = "YES"
      buildImplicitDependencies = "YES">
      <BuildActionEntries>
         <BuildActionEntry
            buildForTesting = "YES"
            buildForRunning = "YES"
            buildForProfiling = "YES"
            buildForArchiving = "YES"
            buildForAnalyzing = "YES">
            <BuildableReference
               BuildableIdentifier = "primary"
               BlueprintIdentifier = "78E1D7472A930863007E2383"
               BuildableName = "QuickDownloader"
               BlueprintName = "QuickDownloader"
               ReferencedContainer = "container:QuickDownloader.xcodeproj">
            </BuildableReference>
         </BuildActionEntry>
      </BuildActionEntries>
   </BuildAction>
   <TestAction
      buildConfiguration = "Debug"
      selectedDebuggerIdentifier = "Xcode.DebuggerFoundation.Debugger.LLDB"
      selectedLauncherIdentifier = "Xcode.DebuggerFoundation.Launcher.LLDB"
      shouldUseLaunchSchemeArgsEnv = "YES">
      <Testables>
      </Testables>
   </TestAction>
   <LaunchAction
      buildConfiguration = "Debug"
      selectedDebuggerIdentifier = "Xcode.DebuggerFoundation.Debugger.LLDB"
      selectedLauncherIdentifier = "Xcode.DebuggerFoundation.Launcher.LLDB"
      launchStyle = "0"
      useCustomWorkingDirectory = "NO"
      ignoresPersistentStateOnLaunch = "NO"
      debugDocumentVersioning = "YES"
      debugServiceExtension = "internal"
      allowLocationSimulation = "YES"
      viewDebuggingEnabled = "No">
      <BuildableProductRunnable
         runnableDebuggingMode = "0">
         <BuildableReference
            BuildableIdentifier = "primary"
            BlueprintIdentifier = "78E1D7472A930863007E2383"
            BuildableName = "QuickDownloader"
            BlueprintName = "QuickDownloader"
            ReferencedContainer = "container:QuickDownloader.xcodeproj">
         </BuildableReference>
      </BuildableProductRunnable>
      <CommandLineArguments>
         <CommandLineArgument
            argument = "http://pt.qa.webex.com:8080/19_12_PT/pt_build/41.12.0/master/webex-client-packaging-41.12.0.120-webexapp.dmg  1.dmg  404262543c9ae1c3cecf0ec57f7465c7"
            isEnabled = "YES">
         </CommandLineArgument>
         <CommandLineArgument
            argument = " http://pt.qa.webex.com:8888/api/public/dl/FrKyNG0o    test.mp4"
            isEnabled = "NO">
         </CommandLineArgument>
         <CommandLineArgument
            argument = "http://cctg-cirepo.cisco.com/cirepo/webex_artifacts/ptool/webex-pt-chrome-extension/1.0/webex-pt-chrome-extension-1.0.6/cisco_webex_productivity_tools_publish_1.0.6.zip 1.zip"
            isEnabled = "NO">
         </CommandLineArgument>
         <CommandLineArgument
            argument = "http://cctg-cirepo.cisco.com/cirepo/webex_artifacts/ptool/webex-ptool-packaging/39.5.26/build_history.webex-ptool-packaging.39.5.26.txt 1.txt"
            isEnabled = "NO">
         </CommandLineArgument>
      </CommandLineArguments>
   </LaunchAction>
   <ProfileAction
      buildConfiguration = "Release"
      shouldUseLaunchSchemeArgsEnv = "YES"
      savedToolIdentifier = ""
      useCustomWorkingDirectory = "NO"
      debugDocumentVersioning = "YES">
      <BuildableProductRunnable
         runnableDebuggingMode = "0">
         <BuildableReference
            BuildableIdentifier = "primary"
            BlueprintIdentifier = "78E1D7472A930863007E2383"
            BuildableName = "QuickDownloader"
            BlueprintName = "QuickDownloader"
            ReferencedContainer = "container:QuickDownloader.xcodeproj">
         </BuildableReference>
      </BuildableProductRunnable>
   </ProfileAction>
   <AnalyzeAction
      buildConfiguration = "Debug">
   </AnalyzeAction>
   <ArchiveAction
      buildConfiguration = "Release"
      revealArchiveInOrganizer = "YES">
   </ArchiveAction>
</Scheme>
